
Microsoft Visual Studio Solution File, Format Version 12.00
# Visual Studio 15
Project("{FAE04EC0-301F-11D3-BF4B-00C04F79EFBC}") = "com.bizspeed.inavresulttest.Android", "com.bizspeed.inavresulttest.Android\com.bizspeed.inavresulttest.Android.csproj", "{B9F78C1B-1A6E-4ACF-9835-32134C7FCFA0}"
EndProject
Project("{FAE04EC0-301F-11D3-BF4B-00C04F79EFBC}") = "com.bizspeed.inavresulttest.iOS", "com.bizspeed.inavresulttest.iOS\com.bizspeed.inavresulttest.iOS.csproj", "{5160E79C-09F0-485F-9B4E-2242587765B3}"
EndProject
Project("{FAE04EC0-301F-11D3-BF4B-00C04F79EFBC}") = "com.bizspeed.inavresulttest", "com.bizspeed.inavresulttest\com.bizspeed.inavresulttest.csproj", "{41F6D0FA-7688-445A-B838-50231D9BBB19}"
EndProject
Global
	GlobalSection(SolutionConfigurationPlatforms) = preSolution
		Debug|Any CPU = Debug|Any CPU
		Release|Any CPU = Release|Any CPU
		Debug|iPhoneSimulator = Debug|iPhoneSimulator
		Release|iPhoneSimulator = Release|iPhoneSimulator
		Debug|iPhone = Debug|iPhone
		Release|iPhone = Release|iPhone
	EndGlobalSection
	GlobalSection(ProjectConfigurationPlatforms) = postSolution
		{B9F78C1B-1A6E-4ACF-9835-32134C7FCFA0}.Debug|Any CPU.ActiveCfg = Debug|Any CPU
		{B9F78C1B-1A6E-4ACF-9835-32134C7FCFA0}.Debug|Any CPU.Build.0 = Debug|Any CPU
		{B9F78C1B-1A6E-4ACF-9835-32134C7FCFA0}.Release|Any CPU.ActiveCfg = Release|Any CPU
		{B9F78C1B-1A6E-4ACF-9835-32134C7FCFA0}.Release|Any CPU.Build.0 = Release|Any CPU
		{B9F78C1B-1A6E-4ACF-9835-32134C7FCFA0}.Debug|iPhoneSimulator.ActiveCfg = Debug|Any CPU
		{B9F78C1B-1A6E-4ACF-9835-32134C7FCFA0}.Debug|iPhoneSimulator.Build.0 = Debug|Any CPU
		{B9F78C1B-1A6E-4ACF-9835-32134C7FCFA0}.Release|iPhoneSimulator.ActiveCfg = Release|Any CPU
		{B9F78C1B-1A6E-4ACF-9835-32134C7FCFA0}.Release|iPhoneSimulator.Build.0 = Release|Any CPU
		{B9F78C1B-1A6E-4ACF-9835-32134C7FCFA0}.Debug|iPhone.ActiveCfg = Debug|Any CPU
		{B9F78C1B-1A6E-4ACF-9835-32134C7FCFA0}.Debug|iPhone.Build.0 = Debug|Any CPU
		{B9F78C1B-1A6E-4ACF-9835-32134C7FCFA0}.Release|iPhone.ActiveCfg = Release|Any CPU
		{B9F78C1B-1A6E-4ACF-9835-32134C7FCFA0}.Release|iPhone.Build.0 = Release|Any CPU
		{5160E79C-09F0-485F-9B4E-2242587765B3}.Debug|Any CPU.ActiveCfg = Debug|iPhoneSimulator
		{5160E79C-09F0-485F-9B4E-2242587765B3}.Debug|Any CPU.Build.0 = Debug|iPhoneSimulator
		{5160E79C-09F0-485F-9B4E-2242587765B3}.Release|Any CPU.ActiveCfg = Release|iPhoneSimulator
		{5160E79C-09F0-485F-9B4E-2242587765B3}.Release|Any CPU.Build.0 = Release|iPhoneSimulator
		{5160E79C-09F0-485F-9B4E-2242587765B3}.Debug|iPhoneSimulator.ActiveCfg = Debug|iPhoneSimulator
		{5160E79C-09F0-485F-9B4E-2242587765B3}.Debug|iPhoneSimulator.Build.0 = Debug|iPhoneSimulator
		{5160E79C-09F0-485F-9B4E-2242587765B3}.Release|iPhoneSimulator.ActiveCfg = Release|iPhoneSimulator
		{5160E79C-09F0-485F-9B4E-2242587765B3}.Release|iPhoneSimulator.Build.0 = Release|iPhoneSimulator
		{5160E79C-09F0-485F-9B4E-2242587765B3}.Debug|iPhone.ActiveCfg = Debug|iPhone
		{5160E79C-09F0-485F-9B4E-2242587765B3}.Debug|iPhone.Build.0 = Debug|iPhone
		{5160E79C-09F0-485F-9B4E-2242587765B3}.Release|iPhone.ActiveCfg = Release|iPhone
		{5160E79C-09F0-485F-9B4E-2242587765B3}.Release|iPhone.Build.0 = Release|iPhone
		{41F6D0FA-7688-445A-B838-50231D9BBB19}.Debug|Any CPU.ActiveCfg = Debug|Any CPU
		{41F6D0FA-7688-445A-B838-50231D9BBB19}.Debug|Any CPU.Build.0 = Debug|Any CPU
		{41F6D0FA-7688-445A-B838-50231D9BBB19}.Release|Any CPU.ActiveCfg = Release|Any CPU
		{41F6D0FA-7688-445A-B838-50231D9BBB19}.Release|Any CPU.Build.0 = Release|Any CPU
		{41F6D0FA-7688-445A-B838-50231D9BBB19}.Debug|iPhoneSimulator.ActiveCfg = Debug|Any CPU
		{41F6D0FA-7688-445A-B838-50231D9BBB19}.Debug|iPhoneSimulator.Build.0 = Debug|Any CPU
		{41F6D0FA-7688-445A-B838-50231D9BBB19}.Release|iPhoneSimulator.ActiveCfg = Release|Any CPU
		{41F6D0FA-7688-445A-B838-50231D9BBB19}.Release|iPhoneSimulator.Build.0 = Release|Any CPU
		{41F6D0FA-7688-445A-B838-50231D9BBB19}.Debug|iPhone.ActiveCfg = Debug|Any CPU
		{41F6D0FA-7688-445A-B838-50231D9BBB19}.Debug|iPhone.Build.0 = Debug|Any CPU
		{41F6D0FA-7688-445A-B838-50231D9BBB19}.Release|iPhone.ActiveCfg = Release|Any CPU
		{41F6D0FA-7688-445A-B838-50231D9BBB19}.Release|iPhone.Build.0 = Release|Any CPU
	EndGlobalSection
EndGlobal
